# Generated by scripts/appfw product lock --write.
# Records the framework provenance used by this application checkout.
version = 2
framework_version = "0.1.1"
framework_git_sha = "6ee6985b7d357a54fb9eddb456da50654ce87c3d"
framework_git_branch = "main"
generator_package_version = "0.1.1"
config_contract_hash = "sha256:f08ce15a38c47b75d5a130ea43a82652dcf6e74490a66c97ca4525ce439b0668"
config_contract_source_hash = "sha256:12f2b7c8fb9784bdfd279cecf17be4b11ccc450d265dc80dc62d8ae4cfcec7ed"
template_set_hash = "sha256:151847d96e5214b9a9f40b857aa1c36497abe40de0169a5e4b32204f508b74cb"
golden_downstream_template_hash = "sha256:b10cd733ba3a36da76ad06dc06e8b33fa3739478b925f65bce8c3dde3ed04f95"
workflow_cli_hash = "sha256:4c0d1adad8cc6094ccfb1a6e09d4b078bc40dac423207f50718d242d0b4756b8"
provider_capability_hash = "sha256:1433f4297b5250a12910ccb265c55e4156537a70b759ab82f46c24d047739145"
artifact_manifest_identity_schema = "appfw.artifact_manifest_identity@2"
artifact_manifest_hash = "sha256:2316cfde145138feb636e6f0c2f1c1af783b69e8667d86dc92a05812bac6e9b4"
generated_ownership_doc_hash = "sha256:6591aa83e3e37adceb2144ee00078b939e1a4441d56ec6d98f03d0c8448aef71"
last_generated_at = "2026-09-08T12:03:03.545214831+00:00"
